
Microsoft Visual Studio Solution File, Format Version 12.00
# Visual Studio Version 17
VisualStudioVersion = 17.2.32616.157
MinimumVisualStudioVersion = 10.0.40219.1
Project("{FAE04EC0-301F-11D3-BF4B-00C04F79EFBC}") = "Profit-Exam5-Problem1", "Profit-Exam5-Problem1\Profit-Exam5-Problem1.csproj", "{F0E8B234-E8DC-490D-BFC0-0525E6828665}"
EndProject
Project("{FAE04EC0-301F-11D3-BF4B-00C04F79EFBC}") = "Firm-Exam5-Problem2", "Firm-Exam5-Problem2\Firm-Exam5-Problem2.csproj", "{483DBC8A-0B47-43D8-88F7-58798CAD9215}"
EndProject
Project("{FAE04EC0-301F-11D3-BF4B-00C04F79EFBC}") = "HotelRoom-Exam5-Problem3", "HotelRoom-Exam5-Problem3\HotelRoom-Exam5-Problem3.csproj", "{07C63E4B-E233-45FD-9CFC-D4C18DCA2010}"
EndProject
Project("{FAE04EC0-301F-11D3-BF4B-00C04F79EFBC}") = "Hospital-Exam5-Problem4", "Hospital-Exam5-Problem4\Hospital-Exam5-Problem4.csproj", "{C31E5CBE-F47A-4129-8A65-C4B1C65A302C}"
EndProject
Project("{FAE04EC0-301F-11D3-BF4B-00C04F79EFBC}") = "Digits-Exam5-Problem6", "Digits-Exam5-Problem6\Digits-Exam5-Problem6.csproj", "{BF2F92D8-9D5B-4286-A9AF-09EA13A74FD8}"
EndProject
Project("{FAE04EC0-301F-11D3-BF4B-00C04F79EFBC}") = "StupidPasswordGenerator-Exam1-Problem6", "StupidPasswordGenerator-Exam1-Problem6\StupidPasswordGenerator-Exam1-Problem6.csproj", "{B3680D16-F1CF-4229-9345-3145E7540CDB}"
EndProject
Project("{FAE04EC0-301F-11D3-BF4B-00C04F79EFBC}") = "ChristmasTree", "ChristmasTree\ChristmasTree.csproj", "{717E7D3A-FBB6-4F55-8571-F0B059792CC4}"
EndProject
Project("{FAE04EC0-301F-11D3-BF4B-00C04F79EFBC}") = "Zadacha01", "Zadacha01\Zadacha01.csproj", "{A08E29D9-28C6-4BEE-B010-87EB37DDE5FC}"
EndProject
Project("{FAE04EC0-301F-11D3-BF4B-00C04F79EFBC}") = "Zadacha02", "Zadacha02\Zadacha02.csproj", "{DBF74727-6B93-449F-B2C0-1974948B548E}"
EndProject
Global
	GlobalSection(SolutionConfigurationPlatforms) = preSolution
		Debug|Any CPU = Debug|Any CPU
		Release|Any CPU = Release|Any CPU
	EndGlobalSection
	GlobalSection(ProjectConfigurationPlatforms) = postSolution
		{F0E8B234-E8DC-490D-BFC0-0525E6828665}.Debug|Any CPU.ActiveCfg = Debug|Any CPU
		{F0E8B234-E8DC-490D-BFC0-0525E6828665}.Debug|Any CPU.Build.0 = Debug|Any CPU
		{F0E8B234-E8DC-490D-BFC0-0525E6828665}.Release|Any CPU.ActiveCfg = Release|Any CPU
		{F0E8B234-E8DC-490D-BFC0-0525E6828665}.Release|Any CPU.Build.0 = Release|Any CPU
		{483DBC8A-0B47-43D8-88F7-58798CAD9215}.Debug|Any CPU.ActiveCfg = Debug|Any CPU
		{483DBC8A-0B47-43D8-88F7-58798CAD9215}.Debug|Any CPU.Build.0 = Debug|Any CPU
		{483DBC8A-0B47-43D8-88F7-58798CAD9215}.Release|Any CPU.ActiveCfg = Release|Any CPU
		{483DBC8A-0B47-43D8-88F7-58798CAD9215}.Release|Any CPU.Build.0 = Release|Any CPU
		{07C63E4B-E233-45FD-9CFC-D4C18DCA2010}.Debug|Any CPU.ActiveCfg = Debug|Any CPU
		{07C63E4B-E233-45FD-9CFC-D4C18DCA2010}.Debug|Any CPU.Build.0 = Debug|Any CPU
		{07C63E4B-E233-45FD-9CFC-D4C18DCA2010}.Release|Any CPU.ActiveCfg = Release|Any CPU
		{07C63E4B-E233-45FD-9CFC-D4C18DCA2010}.Release|Any CPU.Build.0 = Release|Any CPU
		{C31E5CBE-F47A-4129-8A65-C4B1C65A302C}.Debug|Any CPU.ActiveCfg = Debug|Any CPU
		{C31E5CBE-F47A-4129-8A65-C4B1C65A302C}.Debug|Any CPU.Build.0 = Debug|Any CPU
		{C31E5CBE-F47A-4129-8A65-C4B1C65A302C}.Release|Any CPU.ActiveCfg = Release|Any CPU
		{C31E5CBE-F47A-4129-8A65-C4B1C65A302C}.Release|Any CPU.Build.0 = Release|Any CPU
		{BF2F92D8-9D5B-4286-A9AF-09EA13A74FD8}.Debug|Any CPU.ActiveCfg = Debug|Any CPU
		{BF2F92D8-9D5B-4286-A9AF-09EA13A74FD8}.Debug|Any CPU.Build.0 = Debug|Any CPU
		{BF2F92D8-9D5B-4286-A9AF-09EA13A74FD8}.Release|Any CPU.ActiveCfg = Release|Any CPU
		{BF2F92D8-9D5B-4286-A9AF-09EA13A74FD8}.Release|Any CPU.Build.0 = Release|Any CPU
		{B3680D16-F1CF-4229-9345-3145E7540CDB}.Debug|Any CPU.ActiveCfg = Debug|Any CPU
		{B3680D16-F1CF-4229-9345-3145E7540CDB}.Debug|Any CPU.Build.0 = Debug|Any CPU
		{B3680D16-F1CF-4229-9345-3145E7540CDB}.Release|Any CPU.ActiveCfg = Release|Any CPU
		{B3680D16-F1CF-4229-9345-3145E7540CDB}.Release|Any CPU.Build.0 = Release|Any CPU
		{717E7D3A-FBB6-4F55-8571-F0B059792CC4}.Debug|Any CPU.ActiveCfg = Debug|Any CPU
		{717E7D3A-FBB6-4F55-8571-F0B059792CC4}.Debug|Any CPU.Build.0 = Debug|Any CPU
		{717E7D3A-FBB6-4F55-8571-F0B059792CC4}.Release|Any CPU.ActiveCfg = Release|Any CPU
		{717E7D3A-FBB6-4F55-8571-F0B059792CC4}.Release|Any CPU.Build.0 = Release|Any CPU
		{A08E29D9-28C6-4BEE-B010-87EB37DDE5FC}.Debug|Any CPU.ActiveCfg = Debug|Any CPU
		{A08E29D9-28C6-4BEE-B010-87EB37DDE5FC}.Debug|Any CPU.Build.0 = Debug|Any CPU
		{A08E29D9-28C6-4BEE-B010-87EB37DDE5FC}.Release|Any CPU.ActiveCfg = Release|Any CPU
		{A08E29D9-28C6-4BEE-B010-87EB37DDE5FC}.Release|Any CPU.Build.0 = Release|Any CPU
		{DBF74727-6B93-449F-B2C0-1974948B548E}.Debug|Any CPU.ActiveCfg = Debug|Any CPU
		{DBF74727-6B93-449F-B2C0-1974948B548E}.Debug|Any CPU.Build.0 = Debug|Any CPU
		{DBF74727-6B93-449F-B2C0-1974948B548E}.Release|Any CPU.ActiveCfg = Release|Any CPU
		{DBF74727-6B93-449F-B2C0-1974948B548E}.Release|Any CPU.Build.0 = Release|Any CPU
	EndGlobalSection
	GlobalSection(SolutionProperties) = preSolution
		HideSolutionNode = FALSE
	EndGlobalSection
	GlobalSection(ExtensibilityGlobals) = postSolution
		SolutionGuid = {6FEBE695-A42B-4437-B6FF-71D93B837B07}
	EndGlobalSection
EndGlobal
