
Microsoft Visual Studio Solution File, Format Version 12.00
# Visual Studio Version 17
VisualStudioVersion = 17.2.32616.157
MinimumVisualStudioVersion = 10.0.40219.1
Project("{FAE04EC0-301F-11D3-BF4B-00C04F79EFBC}") = "Zadacha01", "Zadacha01\Zadacha01.csproj", "{589EFD87-3011-491E-863A-4891BA267DA7}"
EndProject
Project("{FAE04EC0-301F-11D3-BF4B-00C04F79EFBC}") = "Zadacha02", "Zadacha02\Zadacha02.csproj", "{FBD7DFF1-E3F1-452E-BDA0-EE0B875BE9F9}"
EndProject
Global
	GlobalSection(SolutionConfigurationPlatforms) = preSolution
		Debug|Any CPU = Debug|Any CPU
		Release|Any CPU = Release|Any CPU
	EndGlobalSection
	GlobalSection(ProjectConfigurationPlatforms) = postSolution
		{589EFD87-3011-491E-863A-4891BA267DA7}.Debug|Any CPU.ActiveCfg = Debug|Any CPU
		{589EFD87-3011-491E-863A-4891BA267DA7}.Debug|Any CPU.Build.0 = Debug|Any CPU
		{589EFD87-3011-491E-863A-4891BA267DA7}.Release|Any CPU.ActiveCfg = Release|Any CPU
		{589EFD87-3011-491E-863A-4891BA267DA7}.Release|Any CPU.Build.0 = Release|Any CPU
		{FBD7DFF1-E3F1-452E-BDA0-EE0B875BE9F9}.Debug|Any CPU.ActiveCfg = Debug|Any CPU
		{FBD7DFF1-E3F1-452E-BDA0-EE0B875BE9F9}.Debug|Any CPU.Build.0 = Debug|Any CPU
		{FBD7DFF1-E3F1-452E-BDA0-EE0B875BE9F9}.Release|Any CPU.ActiveCfg = Release|Any CPU
		{FBD7DFF1-E3F1-452E-BDA0-EE0B875BE9F9}.Release|Any CPU.Build.0 = Release|Any CPU
	EndGlobalSection
	GlobalSection(SolutionProperties) = preSolution
		HideSolutionNode = FALSE
	EndGlobalSection
	GlobalSection(ExtensibilityGlobals) = postSolution
		SolutionGuid = {4D5B15CF-D95A-421B-9589-E5EC9DD178A8}
	EndGlobalSection
EndGlobal
