
Microsoft Visual Studio Solution File, Format Version 12.00
# Visual Studio Version 17
VisualStudioVersion = 17.2.32616.157
MinimumVisualStudioVersion = 10.0.40219.1
Project("{FAE04EC0-301F-11D3-BF4B-00C04F79EFBC}") = "Numbers1To100", "Numbers1To100\Numbers1To100.csproj", "{3EF9D0DE-49AA-4274-BA57-07BF9AB3BA06}"
EndProject
Project("{FAE04EC0-301F-11D3-BF4B-00C04F79EFBC}") = "NumbersEnding7", "NumbersEnding7\NumbersEnding7.csproj", "{833C4438-7C7D-4F80-8034-F5FE75148DFF}"
EndProject
Project("{FAE04EC0-301F-11D3-BF4B-00C04F79EFBC}") = "LatinLetters", "LatinLetters\LatinLetters.csproj", "{A68EC373-FAAD-425E-893E-98E19F609CE4}"
EndProject
Global
	GlobalSection(SolutionConfigurationPlatforms) = preSolution
		Debug|Any CPU = Debug|Any CPU
		Release|Any CPU = Release|Any CPU
	EndGlobalSection
	GlobalSection(ProjectConfigurationPlatforms) = postSolution
		{3EF9D0DE-49AA-4274-BA57-07BF9AB3BA06}.Debug|Any CPU.ActiveCfg = Debug|Any CPU
		{3EF9D0DE-49AA-4274-BA57-07BF9AB3BA06}.Debug|Any CPU.Build.0 = Debug|Any CPU
		{3EF9D0DE-49AA-4274-BA57-07BF9AB3BA06}.Release|Any CPU.ActiveCfg = Release|Any CPU
		{3EF9D0DE-49AA-4274-BA57-07BF9AB3BA06}.Release|Any CPU.Build.0 = Release|Any CPU
		{833C4438-7C7D-4F80-8034-F5FE75148DFF}.Debug|Any CPU.ActiveCfg = Debug|Any CPU
		{833C4438-7C7D-4F80-8034-F5FE75148DFF}.Debug|Any CPU.Build.0 = Debug|Any CPU
		{833C4438-7C7D-4F80-8034-F5FE75148DFF}.Release|Any CPU.ActiveCfg = Release|Any CPU
		{833C4438-7C7D-4F80-8034-F5FE75148DFF}.Release|Any CPU.Build.0 = Release|Any CPU
		{A68EC373-FAAD-425E-893E-98E19F609CE4}.Debug|Any CPU.ActiveCfg = Debug|Any CPU
		{A68EC373-FAAD-425E-893E-98E19F609CE4}.Debug|Any CPU.Build.0 = Debug|Any CPU
		{A68EC373-FAAD-425E-893E-98E19F609CE4}.Release|Any CPU.ActiveCfg = Release|Any CPU
		{A68EC373-FAAD-425E-893E-98E19F609CE4}.Release|Any CPU.Build.0 = Release|Any CPU
	EndGlobalSection
	GlobalSection(SolutionProperties) = preSolution
		HideSolutionNode = FALSE
	EndGlobalSection
	GlobalSection(ExtensibilityGlobals) = postSolution
		SolutionGuid = {A36B51FA-A2E1-4E18-B6A2-6D55A5D2F0EB}
	EndGlobalSection
EndGlobal
