
Microsoft Visual Studio Solution File, Format Version 12.00
# Visual Studio Version 17
VisualStudioVersion = 17.2.32616.157
MinimumVisualStudioVersion = 10.0.40219.1
Project("{FAE04EC0-301F-11D3-BF4B-00C04F79EFBC}") = "Zadacha01", "Zadacha01\Zadacha01.csproj", "{8F4D64A6-30A5-4B07-BF04-26F1A32924AF}"
EndProject
Global
	GlobalSection(SolutionConfigurationPlatforms) = preSolution
		Debug|Any CPU = Debug|Any CPU
		Release|Any CPU = Release|Any CPU
	EndGlobalSection
	GlobalSection(ProjectConfigurationPlatforms) = postSolution
		{8F4D64A6-30A5-4B07-BF04-26F1A32924AF}.Debug|Any CPU.ActiveCfg = Debug|Any CPU
		{8F4D64A6-30A5-4B07-BF04-26F1A32924AF}.Debug|Any CPU.Build.0 = Debug|Any CPU
		{8F4D64A6-30A5-4B07-BF04-26F1A32924AF}.Release|Any CPU.ActiveCfg = Release|Any CPU
		{8F4D64A6-30A5-4B07-BF04-26F1A32924AF}.Release|Any CPU.Build.0 = Release|Any CPU
	EndGlobalSection
	GlobalSection(SolutionProperties) = preSolution
		HideSolutionNode = FALSE
	EndGlobalSection
	GlobalSection(ExtensibilityGlobals) = postSolution
		SolutionGuid = {B4663CB6-7B8D-4508-8E6F-11CDF726E823}
	EndGlobalSection
EndGlobal
