
Microsoft Visual Studio Solution File, Format Version 12.00
# Visual Studio Version 17
VisualStudioVersion = 17.5.33530.505
MinimumVisualStudioVersion = 10.0.40219.1
Project("{9A19103F-16F7-4668-BE54-9A1E7A4F7556}") = "Zadacha01", "Zadacha01\Zadacha01.csproj", "{C218B043-48D3-4553-BEE3-D0153320BAB2}"
EndProject
Project("{9A19103F-16F7-4668-BE54-9A1E7A4F7556}") = "Zadacha02", "Zadacha02\Zadacha02.csproj", "{A2258887-00C1-4255-BDAF-742F613BF0C7}"
EndProject
Project("{9A19103F-16F7-4668-BE54-9A1E7A4F7556}") = "Zadacha03", "Zadacha03\Zadacha03.csproj", "{AB329D6F-00C4-48E6-BC08-40B17A3F0A2F}"
EndProject
Project("{9A19103F-16F7-4668-BE54-9A1E7A4F7556}") = "Zadacha04", "Zadacha04\Zadacha04.csproj", "{F9E74829-0420-46EF-BC38-D7AE727732A7}"
EndProject
Project("{9A19103F-16F7-4668-BE54-9A1E7A4F7556}") = "Zadacha05", "Zadacha05\Zadacha05.csproj", "{2AC02F82-1932-47A7-8F3F-EA17474C266F}"
EndProject
Project("{9A19103F-16F7-4668-BE54-9A1E7A4F7556}") = "Zadacha06", "Zadacha06\Zadacha06.csproj", "{B55EF31B-C0E8-4673-AB68-EC46C275A143}"
EndProject
Project("{9A19103F-16F7-4668-BE54-9A1E7A4F7556}") = "Zadacha07", "Zadacha07\Zadacha07.csproj", "{3963A25A-DD4C-4683-8FB6-188F70FA06E0}"
EndProject
Project("{9A19103F-16F7-4668-BE54-9A1E7A4F7556}") = "Zadacha08", "Zadacha08\Zadacha08.csproj", "{2A4563AF-380D-4F1A-9423-95A5D96F9E14}"
EndProject
Project("{9A19103F-16F7-4668-BE54-9A1E7A4F7556}") = "Zadacha09", "Zadacha09\Zadacha09.csproj", "{8A5D53EA-4010-4A22-9D4F-4E1B42F37360}"
EndProject
Project("{9A19103F-16F7-4668-BE54-9A1E7A4F7556}") = "Zadacha10", "Zadacha10\Zadacha10.csproj", "{FA74CF38-D0FF-4CD0-A330-79140BDE61AA}"
EndProject
Project("{FAE04EC0-301F-11D3-BF4B-00C04F79EFBC}") = "Zadacha11", "Zadacha11\Zadacha11.csproj", "{A02F2FBC-E75D-4E30-A971-8546BBC2F669}"
EndProject
Global
	GlobalSection(SolutionConfigurationPlatforms) = preSolution
		Debug|Any CPU = Debug|Any CPU
		Release|Any CPU = Release|Any CPU
	EndGlobalSection
	GlobalSection(ProjectConfigurationPlatforms) = postSolution
		{C218B043-48D3-4553-BEE3-D0153320BAB2}.Debug|Any CPU.ActiveCfg = Debug|Any CPU
		{C218B043-48D3-4553-BEE3-D0153320BAB2}.Debug|Any CPU.Build.0 = Debug|Any CPU
		{C218B043-48D3-4553-BEE3-D0153320BAB2}.Release|Any CPU.ActiveCfg = Release|Any CPU
		{C218B043-48D3-4553-BEE3-D0153320BAB2}.Release|Any CPU.Build.0 = Release|Any CPU
		{A2258887-00C1-4255-BDAF-742F613BF0C7}.Debug|Any CPU.ActiveCfg = Debug|Any CPU
		{A2258887-00C1-4255-BDAF-742F613BF0C7}.Debug|Any CPU.Build.0 = Debug|Any CPU
		{A2258887-00C1-4255-BDAF-742F613BF0C7}.Release|Any CPU.ActiveCfg = Release|Any CPU
		{A2258887-00C1-4255-BDAF-742F613BF0C7}.Release|Any CPU.Build.0 = Release|Any CPU
		{AB329D6F-00C4-48E6-BC08-40B17A3F0A2F}.Debug|Any CPU.ActiveCfg = Debug|Any CPU
		{AB329D6F-00C4-48E6-BC08-40B17A3F0A2F}.Debug|Any CPU.Build.0 = Debug|Any CPU
		{AB329D6F-00C4-48E6-BC08-40B17A3F0A2F}.Release|Any CPU.ActiveCfg = Release|Any CPU
		{AB329D6F-00C4-48E6-BC08-40B17A3F0A2F}.Release|Any CPU.Build.0 = Release|Any CPU
		{F9E74829-0420-46EF-BC38-D7AE727732A7}.Debug|Any CPU.ActiveCfg = Debug|Any CPU
		{F9E74829-0420-46EF-BC38-D7AE727732A7}.Debug|Any CPU.Build.0 = Debug|Any CPU
		{F9E74829-0420-46EF-BC38-D7AE727732A7}.Release|Any CPU.ActiveCfg = Release|Any CPU
		{F9E74829-0420-46EF-BC38-D7AE727732A7}.Release|Any CPU.Build.0 = Release|Any CPU
		{2AC02F82-1932-47A7-8F3F-EA17474C266F}.Debug|Any CPU.ActiveCfg = Debug|Any CPU
		{2AC02F82-1932-47A7-8F3F-EA17474C266F}.Debug|Any CPU.Build.0 = Debug|Any CPU
		{2AC02F82-1932-47A7-8F3F-EA17474C266F}.Release|Any CPU.ActiveCfg = Release|Any CPU
		{2AC02F82-1932-47A7-8F3F-EA17474C266F}.Release|Any CPU.Build.0 = Release|Any CPU
		{B55EF31B-C0E8-4673-AB68-EC46C275A143}.Debug|Any CPU.ActiveCfg = Debug|Any CPU
		{B55EF31B-C0E8-4673-AB68-EC46C275A143}.Debug|Any CPU.Build.0 = Debug|Any CPU
		{B55EF31B-C0E8-4673-AB68-EC46C275A143}.Release|Any CPU.ActiveCfg = Release|Any CPU
		{B55EF31B-C0E8-4673-AB68-EC46C275A143}.Release|Any CPU.Build.0 = Release|Any CPU
		{3963A25A-DD4C-4683-8FB6-188F70FA06E0}.Debug|Any CPU.ActiveCfg = Debug|Any CPU
		{3963A25A-DD4C-4683-8FB6-188F70FA06E0}.Debug|Any CPU.Build.0 = Debug|Any CPU
		{3963A25A-DD4C-4683-8FB6-188F70FA06E0}.Release|Any CPU.ActiveCfg = Release|Any CPU
		{3963A25A-DD4C-4683-8FB6-188F70FA06E0}.Release|Any CPU.Build.0 = Release|Any CPU
		{2A4563AF-380D-4F1A-9423-95A5D96F9E14}.Debug|Any CPU.ActiveCfg = Debug|Any CPU
		{2A4563AF-380D-4F1A-9423-95A5D96F9E14}.Debug|Any CPU.Build.0 = Debug|Any CPU
		{2A4563AF-380D-4F1A-9423-95A5D96F9E14}.Release|Any CPU.ActiveCfg = Release|Any CPU
		{2A4563AF-380D-4F1A-9423-95A5D96F9E14}.Release|Any CPU.Build.0 = Release|Any CPU
		{8A5D53EA-4010-4A22-9D4F-4E1B42F37360}.Debug|Any CPU.ActiveCfg = Debug|Any CPU
		{8A5D53EA-4010-4A22-9D4F-4E1B42F37360}.Debug|Any CPU.Build.0 = Debug|Any CPU
		{8A5D53EA-4010-4A22-9D4F-4E1B42F37360}.Release|Any CPU.ActiveCfg = Release|Any CPU
		{8A5D53EA-4010-4A22-9D4F-4E1B42F37360}.Release|Any CPU.Build.0 = Release|Any CPU
		{FA74CF38-D0FF-4CD0-A330-79140BDE61AA}.Debug|Any CPU.ActiveCfg = Debug|Any CPU
		{FA74CF38-D0FF-4CD0-A330-79140BDE61AA}.Debug|Any CPU.Build.0 = Debug|Any CPU
		{FA74CF38-D0FF-4CD0-A330-79140BDE61AA}.Release|Any CPU.ActiveCfg = Release|Any CPU
		{FA74CF38-D0FF-4CD0-A330-79140BDE61AA}.Release|Any CPU.Build.0 = Release|Any CPU
		{A02F2FBC-E75D-4E30-A971-8546BBC2F669}.Debug|Any CPU.ActiveCfg = Debug|Any CPU
		{A02F2FBC-E75D-4E30-A971-8546BBC2F669}.Debug|Any CPU.Build.0 = Debug|Any CPU
		{A02F2FBC-E75D-4E30-A971-8546BBC2F669}.Release|Any CPU.ActiveCfg = Release|Any CPU
		{A02F2FBC-E75D-4E30-A971-8546BBC2F669}.Release|Any CPU.Build.0 = Release|Any CPU
	EndGlobalSection
	GlobalSection(SolutionProperties) = preSolution
		HideSolutionNode = FALSE
	EndGlobalSection
	GlobalSection(ExtensibilityGlobals) = postSolution
		SolutionGuid = {5A8FF8AC-90A3-4E60-9BBD-93B5436E69E5}
	EndGlobalSection
EndGlobal
