
Microsoft Visual Studio Solution File, Format Version 12.00
# Visual Studio Version 17
VisualStudioVersion = 17.5.33530.505
MinimumVisualStudioVersion = 10.0.40219.1
Project("{FAE04EC0-301F-11D3-BF4B-00C04F79EFBC}") = "BookLibrary", "BookLibrary\BookLibrary.csproj", "{30F6CEB7-0613-48F6-A98E-4531DE602793}"
EndProject
Global
	GlobalSection(SolutionConfigurationPlatforms) = preSolution
		Debug|Any CPU = Debug|Any CPU
		Release|Any CPU = Release|Any CPU
	EndGlobalSection
	GlobalSection(ProjectConfigurationPlatforms) = postSolution
		{30F6CEB7-0613-48F6-A98E-4531DE602793}.Debug|Any CPU.ActiveCfg = Debug|Any CPU
		{30F6CEB7-0613-48F6-A98E-4531DE602793}.Debug|Any CPU.Build.0 = Debug|Any CPU
		{30F6CEB7-0613-48F6-A98E-4531DE602793}.Release|Any CPU.ActiveCfg = Release|Any CPU
		{30F6CEB7-0613-48F6-A98E-4531DE602793}.Release|Any CPU.Build.0 = Release|Any CPU
	EndGlobalSection
	GlobalSection(SolutionProperties) = preSolution
		HideSolutionNode = FALSE
	EndGlobalSection
	GlobalSection(ExtensibilityGlobals) = postSolution
		SolutionGuid = {5B07D9DB-BD14-4C64-8892-BAE38E0387AD}
	EndGlobalSection
EndGlobal
