
Microsoft Visual Studio Solution File, Format Version 12.00
# Visual Studio Version 17
VisualStudioVersion = 17.2.32616.157
MinimumVisualStudioVersion = 10.0.40219.1
Project("{FAE04EC0-301F-11D3-BF4B-00C04F79EFBC}") = "Excellent-Result", "Excellent-Result\Excellent-Result.csproj", "{76CC183C-F997-445D-88CF-AAB3E0BA277E}"
EndProject
Project("{FAE04EC0-301F-11D3-BF4B-00C04F79EFBC}") = "Excellent_Or_Not", "Excellent_Or_Not\Excellent_Or_Not.csproj", "{810E69F3-36B2-498D-A6BB-E60D3F44B3E6}"
EndProject
Project("{FAE04EC0-301F-11D3-BF4B-00C04F79EFBC}") = "Odd_Or_Even", "Odd_Or_Even\Odd_Or_Even.csproj", "{F5AEB992-F20B-482E-A86F-1F3D9C545563}"
EndProject
Project("{FAE04EC0-301F-11D3-BF4B-00C04F79EFBC}") = "Max_Of_2", "Max_Of_2\Max_Of_2.csproj", "{9777A8C2-FAFC-4E80-A297-6CBA323A5302}"
EndProject
Project("{FAE04EC0-301F-11D3-BF4B-00C04F79EFBC}") = "GuessPassword", "GuessPassword\GuessPassword.csproj", "{48BE664E-DCBF-4974-AF36-9D69A8FC6232}"
EndProject
Project("{FAE04EC0-301F-11D3-BF4B-00C04F79EFBC}") = "SameWords", "SameWords\SameWords.csproj", "{3BB99C2A-E6DF-45AF-8808-F3521B3AEFD7}"
EndProject
Project("{FAE04EC0-301F-11D3-BF4B-00C04F79EFBC}") = "Add15ToTime", "Add15ToTime\Add15ToTime.csproj", "{D2BF05E3-6170-4B90-8010-2AADAD156629}"
EndProject
Project("{FAE04EC0-301F-11D3-BF4B-00C04F79EFBC}") = "ThreeEqualNumbers", "ThreeEqualNumbers\ThreeEqualNumbers.csproj", "{F8BBE60D-099B-45F9-BA14-BE621294165B}"
EndProject
Project("{FAE04EC0-301F-11D3-BF4B-00C04F79EFBC}") = "NumberToWords", "NumberToWords\NumberToWords.csproj", "{9FDC954E-D376-4A83-87B4-A0A2B2F77325}"
EndProject
Project("{FAE04EC0-301F-11D3-BF4B-00C04F79EFBC}") = "BonusPoint", "BonusPoint\BonusPoint.csproj", "{2C12868C-72C0-44BE-B658-2213E3AB1EAB}"
EndProject
Project("{FAE04EC0-301F-11D3-BF4B-00C04F79EFBC}") = "Number100_200", "Number100_200\Number100_200.csproj", "{CBC28206-2357-48C8-B809-381F8F4DA803}"
EndProject
Project("{FAE04EC0-301F-11D3-BF4B-00C04F79EFBC}") = "SpeedInfo", "SpeedInfo\SpeedInfo.csproj", "{C057AA25-58AD-4BA1-B3D8-33794E70BFEC}"
EndProject
Project("{FAE04EC0-301F-11D3-BF4B-00C04F79EFBC}") = "FigureArea", "FigureArea\FigureArea.csproj", "{4B2424AC-3E22-4601-9D5C-949E8ADBB5DA}"
EndProject
Project("{FAE04EC0-301F-11D3-BF4B-00C04F79EFBC}") = "FruitVegetable", "FruitVegetable\FruitVegetable.csproj", "{584682FF-5BCF-423E-ACA3-545884312EF3}"
EndProject
Global
	GlobalSection(SolutionConfigurationPlatforms) = preSolution
		Debug|Any CPU = Debug|Any CPU
		Release|Any CPU = Release|Any CPU
	EndGlobalSection
	GlobalSection(ProjectConfigurationPlatforms) = postSolution
		{76CC183C-F997-445D-88CF-AAB3E0BA277E}.Debug|Any CPU.ActiveCfg = Debug|Any CPU
		{76CC183C-F997-445D-88CF-AAB3E0BA277E}.Debug|Any CPU.Build.0 = Debug|Any CPU
		{76CC183C-F997-445D-88CF-AAB3E0BA277E}.Release|Any CPU.ActiveCfg = Release|Any CPU
		{76CC183C-F997-445D-88CF-AAB3E0BA277E}.Release|Any CPU.Build.0 = Release|Any CPU
		{810E69F3-36B2-498D-A6BB-E60D3F44B3E6}.Debug|Any CPU.ActiveCfg = Debug|Any CPU
		{810E69F3-36B2-498D-A6BB-E60D3F44B3E6}.Debug|Any CPU.Build.0 = Debug|Any CPU
		{810E69F3-36B2-498D-A6BB-E60D3F44B3E6}.Release|Any CPU.ActiveCfg = Release|Any CPU
		{810E69F3-36B2-498D-A6BB-E60D3F44B3E6}.Release|Any CPU.Build.0 = Release|Any CPU
		{F5AEB992-F20B-482E-A86F-1F3D9C545563}.Debug|Any CPU.ActiveCfg = Debug|Any CPU
		{F5AEB992-F20B-482E-A86F-1F3D9C545563}.Debug|Any CPU.Build.0 = Debug|Any CPU
		{F5AEB992-F20B-482E-A86F-1F3D9C545563}.Release|Any CPU.ActiveCfg = Release|Any CPU
		{F5AEB992-F20B-482E-A86F-1F3D9C545563}.Release|Any CPU.Build.0 = Release|Any CPU
		{9777A8C2-FAFC-4E80-A297-6CBA323A5302}.Debug|Any CPU.ActiveCfg = Debug|Any CPU
		{9777A8C2-FAFC-4E80-A297-6CBA323A5302}.Debug|Any CPU.Build.0 = Debug|Any CPU
		{9777A8C2-FAFC-4E80-A297-6CBA323A5302}.Release|Any CPU.ActiveCfg = Release|Any CPU
		{9777A8C2-FAFC-4E80-A297-6CBA323A5302}.Release|Any CPU.Build.0 = Release|Any CPU
		{48BE664E-DCBF-4974-AF36-9D69A8FC6232}.Debug|Any CPU.ActiveCfg = Debug|Any CPU
		{48BE664E-DCBF-4974-AF36-9D69A8FC6232}.Debug|Any CPU.Build.0 = Debug|Any CPU
		{48BE664E-DCBF-4974-AF36-9D69A8FC6232}.Release|Any CPU.ActiveCfg = Release|Any CPU
		{48BE664E-DCBF-4974-AF36-9D69A8FC6232}.Release|Any CPU.Build.0 = Release|Any CPU
		{3BB99C2A-E6DF-45AF-8808-F3521B3AEFD7}.Debug|Any CPU.ActiveCfg = Debug|Any CPU
		{3BB99C2A-E6DF-45AF-8808-F3521B3AEFD7}.Debug|Any CPU.Build.0 = Debug|Any CPU
		{3BB99C2A-E6DF-45AF-8808-F3521B3AEFD7}.Release|Any CPU.ActiveCfg = Release|Any CPU
		{3BB99C2A-E6DF-45AF-8808-F3521B3AEFD7}.Release|Any CPU.Build.0 = Release|Any CPU
		{D2BF05E3-6170-4B90-8010-2AADAD156629}.Debug|Any CPU.ActiveCfg = Debug|Any CPU
		{D2BF05E3-6170-4B90-8010-2AADAD156629}.Debug|Any CPU.Build.0 = Debug|Any CPU
		{D2BF05E3-6170-4B90-8010-2AADAD156629}.Release|Any CPU.ActiveCfg = Release|Any CPU
		{D2BF05E3-6170-4B90-8010-2AADAD156629}.Release|Any CPU.Build.0 = Release|Any CPU
		{F8BBE60D-099B-45F9-BA14-BE621294165B}.Debug|Any CPU.ActiveCfg = Debug|Any CPU
		{F8BBE60D-099B-45F9-BA14-BE621294165B}.Debug|Any CPU.Build.0 = Debug|Any CPU
		{F8BBE60D-099B-45F9-BA14-BE621294165B}.Release|Any CPU.ActiveCfg = Release|Any CPU
		{F8BBE60D-099B-45F9-BA14-BE621294165B}.Release|Any CPU.Build.0 = Release|Any CPU
		{9FDC954E-D376-4A83-87B4-A0A2B2F77325}.Debug|Any CPU.ActiveCfg = Debug|Any CPU
		{9FDC954E-D376-4A83-87B4-A0A2B2F77325}.Debug|Any CPU.Build.0 = Debug|Any CPU
		{9FDC954E-D376-4A83-87B4-A0A2B2F77325}.Release|Any CPU.ActiveCfg = Release|Any CPU
		{9FDC954E-D376-4A83-87B4-A0A2B2F77325}.Release|Any CPU.Build.0 = Release|Any CPU
		{2C12868C-72C0-44BE-B658-2213E3AB1EAB}.Debug|Any CPU.ActiveCfg = Debug|Any CPU
		{2C12868C-72C0-44BE-B658-2213E3AB1EAB}.Debug|Any CPU.Build.0 = Debug|Any CPU
		{2C12868C-72C0-44BE-B658-2213E3AB1EAB}.Release|Any CPU.ActiveCfg = Release|Any CPU
		{2C12868C-72C0-44BE-B658-2213E3AB1EAB}.Release|Any CPU.Build.0 = Release|Any CPU
		{CBC28206-2357-48C8-B809-381F8F4DA803}.Debug|Any CPU.ActiveCfg = Debug|Any CPU
		{CBC28206-2357-48C8-B809-381F8F4DA803}.Debug|Any CPU.Build.0 = Debug|Any CPU
		{CBC28206-2357-48C8-B809-381F8F4DA803}.Release|Any CPU.ActiveCfg = Release|Any CPU
		{CBC28206-2357-48C8-B809-381F8F4DA803}.Release|Any CPU.Build.0 = Release|Any CPU
		{C057AA25-58AD-4BA1-B3D8-33794E70BFEC}.Debug|Any CPU.ActiveCfg = Debug|Any CPU
		{C057AA25-58AD-4BA1-B3D8-33794E70BFEC}.Debug|Any CPU.Build.0 = Debug|Any CPU
		{C057AA25-58AD-4BA1-B3D8-33794E70BFEC}.Release|Any CPU.ActiveCfg = Release|Any CPU
		{C057AA25-58AD-4BA1-B3D8-33794E70BFEC}.Release|Any CPU.Build.0 = Release|Any CPU
		{4B2424AC-3E22-4601-9D5C-949E8ADBB5DA}.Debug|Any CPU.ActiveCfg = Debug|Any CPU
		{4B2424AC-3E22-4601-9D5C-949E8ADBB5DA}.Debug|Any CPU.Build.0 = Debug|Any CPU
		{4B2424AC-3E22-4601-9D5C-949E8ADBB5DA}.Release|Any CPU.ActiveCfg = Release|Any CPU
		{4B2424AC-3E22-4601-9D5C-949E8ADBB5DA}.Release|Any CPU.Build.0 = Release|Any CPU
		{584682FF-5BCF-423E-ACA3-545884312EF3}.Debug|Any CPU.ActiveCfg = Debug|Any CPU
		{584682FF-5BCF-423E-ACA3-545884312EF3}.Debug|Any CPU.Build.0 = Debug|Any CPU
		{584682FF-5BCF-423E-ACA3-545884312EF3}.Release|Any CPU.ActiveCfg = Release|Any CPU
		{584682FF-5BCF-423E-ACA3-545884312EF3}.Release|Any CPU.Build.0 = Release|Any CPU
	EndGlobalSection
	GlobalSection(SolutionProperties) = preSolution
		HideSolutionNode = FALSE
	EndGlobalSection
	GlobalSection(ExtensibilityGlobals) = postSolution
		SolutionGuid = {C1E79101-EED2-4256-8DC0-D5FEEE77ADE1}
	EndGlobalSection
EndGlobal
