
Microsoft Visual Studio Solution File, Format Version 12.00
# Visual Studio Version 17
VisualStudioVersion = 17.2.32616.157
MinimumVisualStudioVersion = 10.0.40219.1
Project("{FAE04EC0-301F-11D3-BF4B-00C04F79EFBC}") = "Square-Area", "Square-Area\Square-Area.csproj", "{4D57D146-4C76-43E9-8D24-36F916915087}"
EndProject
Project("{FAE04EC0-301F-11D3-BF4B-00C04F79EFBC}") = "Inches-to-Centimeters", "Inches-to-Centimeters\Inches-to-Centimeters.csproj", "{3BD1C177-9A69-4F36-BAE7-431CC92FE90B}"
EndProject
Project("{FAE04EC0-301F-11D3-BF4B-00C04F79EFBC}") = "Greeting", "Greeting\Greeting.csproj", "{1ACD9E1A-9719-49CD-979C-8E1D1ADAAD2C}"
EndProject
Project("{FAE04EC0-301F-11D3-BF4B-00C04F79EFBC}") = "Concatenate-Data", "Concatenate-Data\Concatenate-Data.csproj", "{0B1F8C10-7192-480A-9879-745961F9D292}"
EndProject
Project("{FAE04EC0-301F-11D3-BF4B-00C04F79EFBC}") = "Convert_C_F", "Convert_C_F\Convert_C_F.csproj", "{72F0D4CA-943C-4916-BDA8-343C2DAB53DE}"
EndProject
Project("{FAE04EC0-301F-11D3-BF4B-00C04F79EFBC}") = "Convert_Rad_Deg", "Convert_Rad_Deg\Convert_Rad_Deg.csproj", "{8CAD53DE-00B6-4022-8591-99D4F833FCD7}"
EndProject
Global
	GlobalSection(SolutionConfigurationPlatforms) = preSolution
		Debug|Any CPU = Debug|Any CPU
		Release|Any CPU = Release|Any CPU
	EndGlobalSection
	GlobalSection(ProjectConfigurationPlatforms) = postSolution
		{4D57D146-4C76-43E9-8D24-36F916915087}.Debug|Any CPU.ActiveCfg = Debug|Any CPU
		{4D57D146-4C76-43E9-8D24-36F916915087}.Debug|Any CPU.Build.0 = Debug|Any CPU
		{4D57D146-4C76-43E9-8D24-36F916915087}.Release|Any CPU.ActiveCfg = Release|Any CPU
		{4D57D146-4C76-43E9-8D24-36F916915087}.Release|Any CPU.Build.0 = Release|Any CPU
		{3BD1C177-9A69-4F36-BAE7-431CC92FE90B}.Debug|Any CPU.ActiveCfg = Debug|Any CPU
		{3BD1C177-9A69-4F36-BAE7-431CC92FE90B}.Debug|Any CPU.Build.0 = Debug|Any CPU
		{3BD1C177-9A69-4F36-BAE7-431CC92FE90B}.Release|Any CPU.ActiveCfg = Release|Any CPU
		{3BD1C177-9A69-4F36-BAE7-431CC92FE90B}.Release|Any CPU.Build.0 = Release|Any CPU
		{1ACD9E1A-9719-49CD-979C-8E1D1ADAAD2C}.Debug|Any CPU.ActiveCfg = Debug|Any CPU
		{1ACD9E1A-9719-49CD-979C-8E1D1ADAAD2C}.Debug|Any CPU.Build.0 = Debug|Any CPU
		{1ACD9E1A-9719-49CD-979C-8E1D1ADAAD2C}.Release|Any CPU.ActiveCfg = Release|Any CPU
		{1ACD9E1A-9719-49CD-979C-8E1D1ADAAD2C}.Release|Any CPU.Build.0 = Release|Any CPU
		{0B1F8C10-7192-480A-9879-745961F9D292}.Debug|Any CPU.ActiveCfg = Debug|Any CPU
		{0B1F8C10-7192-480A-9879-745961F9D292}.Debug|Any CPU.Build.0 = Debug|Any CPU
		{0B1F8C10-7192-480A-9879-745961F9D292}.Release|Any CPU.ActiveCfg = Release|Any CPU
		{0B1F8C10-7192-480A-9879-745961F9D292}.Release|Any CPU.Build.0 = Release|Any CPU
		{72F0D4CA-943C-4916-BDA8-343C2DAB53DE}.Debug|Any CPU.ActiveCfg = Debug|Any CPU
		{72F0D4CA-943C-4916-BDA8-343C2DAB53DE}.Debug|Any CPU.Build.0 = Debug|Any CPU
		{72F0D4CA-943C-4916-BDA8-343C2DAB53DE}.Release|Any CPU.ActiveCfg = Release|Any CPU
		{72F0D4CA-943C-4916-BDA8-343C2DAB53DE}.Release|Any CPU.Build.0 = Release|Any CPU
		{8CAD53DE-00B6-4022-8591-99D4F833FCD7}.Debug|Any CPU.ActiveCfg = Debug|Any CPU
		{8CAD53DE-00B6-4022-8591-99D4F833FCD7}.Debug|Any CPU.Build.0 = Debug|Any CPU
		{8CAD53DE-00B6-4022-8591-99D4F833FCD7}.Release|Any CPU.ActiveCfg = Release|Any CPU
		{8CAD53DE-00B6-4022-8591-99D4F833FCD7}.Release|Any CPU.Build.0 = Release|Any CPU
	EndGlobalSection
	GlobalSection(SolutionProperties) = preSolution
		HideSolutionNode = FALSE
	EndGlobalSection
	GlobalSection(ExtensibilityGlobals) = postSolution
		SolutionGuid = {63807C4B-DB15-4800-B9B5-8BBD8A5C5E3D}
	EndGlobalSection
EndGlobal
