
Microsoft Visual Studio Solution File, Format Version 12.00
# Visual Studio Version 17
VisualStudioVersion = 17.2.32616.157
MinimumVisualStudioVersion = 10.0.40219.1
Project("{FAE04EC0-301F-11D3-BF4B-00C04F79EFBC}") = "Zadacha01", "Zadacha01\Zadacha01.csproj", "{BF65E262-ABA1-40A7-A94C-19E8ACAB3B4E}"
EndProject
Project("{FAE04EC0-301F-11D3-BF4B-00C04F79EFBC}") = "Zadacha02", "Zadacha02\Zadacha02.csproj", "{D1386564-380F-46A8-9B93-07A3F9875438}"
EndProject
Global
	GlobalSection(SolutionConfigurationPlatforms) = preSolution
		Debug|Any CPU = Debug|Any CPU
		Release|Any CPU = Release|Any CPU
	EndGlobalSection
	GlobalSection(ProjectConfigurationPlatforms) = postSolution
		{BF65E262-ABA1-40A7-A94C-19E8ACAB3B4E}.Debug|Any CPU.ActiveCfg = Debug|Any CPU
		{BF65E262-ABA1-40A7-A94C-19E8ACAB3B4E}.Debug|Any CPU.Build.0 = Debug|Any CPU
		{BF65E262-ABA1-40A7-A94C-19E8ACAB3B4E}.Release|Any CPU.ActiveCfg = Release|Any CPU
		{BF65E262-ABA1-40A7-A94C-19E8ACAB3B4E}.Release|Any CPU.Build.0 = Release|Any CPU
		{D1386564-380F-46A8-9B93-07A3F9875438}.Debug|Any CPU.ActiveCfg = Debug|Any CPU
		{D1386564-380F-46A8-9B93-07A3F9875438}.Debug|Any CPU.Build.0 = Debug|Any CPU
		{D1386564-380F-46A8-9B93-07A3F9875438}.Release|Any CPU.ActiveCfg = Release|Any CPU
		{D1386564-380F-46A8-9B93-07A3F9875438}.Release|Any CPU.Build.0 = Release|Any CPU
	EndGlobalSection
	GlobalSection(SolutionProperties) = preSolution
		HideSolutionNode = FALSE
	EndGlobalSection
	GlobalSection(ExtensibilityGlobals) = postSolution
		SolutionGuid = {234A197A-FEB3-44F4-9F11-303E5EE72F61}
	EndGlobalSection
EndGlobal
