
Microsoft Visual Studio Solution File, Format Version 12.00
# Visual Studio Version 17
VisualStudioVersion = 17.2.32616.157
MinimumVisualStudioVersion = 10.0.40219.1
Project("{9A19103F-16F7-4668-BE54-9A1E7A4F7556}") = "Zadacha01", "Zadacha01\Zadacha01.csproj", "{BF65E262-ABA1-40A7-A94C-19E8ACAB3B4E}"
EndProject
Project("{9A19103F-16F7-4668-BE54-9A1E7A4F7556}") = "Zadacha02", "Zadacha02\Zadacha02.csproj", "{D1386564-380F-46A8-9B93-07A3F9875438}"
EndProject
Project("{9A19103F-16F7-4668-BE54-9A1E7A4F7556}") = "Zadacha03", "Zadacha03\Zadacha03.csproj", "{5A5DD85D-9887-4905-95CD-5D7A42713C0D}"
EndProject
Project("{9A19103F-16F7-4668-BE54-9A1E7A4F7556}") = "Zadacha04", "Zadacha04\Zadacha04.csproj", "{2A1E9B07-1B36-4C33-8660-143A624813AB}"
EndProject
Project("{FAE04EC0-301F-11D3-BF4B-00C04F79EFBC}") = "Zadacha05", "Zadacha05\Zadacha05.csproj", "{BCA182A9-C93A-4CD6-AA75-1F1C12E3F92A}"
EndProject
Project("{FAE04EC0-301F-11D3-BF4B-00C04F79EFBC}") = "Zadacha06", "Zadacha06\Zadacha06.csproj", "{F13CBEE5-414D-46C1-B0E8-215729DDDA50}"
EndProject
Project("{FAE04EC0-301F-11D3-BF4B-00C04F79EFBC}") = "Zadacha07", "Zadacha07\Zadacha07.csproj", "{2B5646A0-7607-4C5E-8E01-AB0E6CD49954}"
EndProject
Global
	GlobalSection(SolutionConfigurationPlatforms) = preSolution
		Debug|Any CPU = Debug|Any CPU
		Release|Any CPU = Release|Any CPU
	EndGlobalSection
	GlobalSection(ProjectConfigurationPlatforms) = postSolution
		{BF65E262-ABA1-40A7-A94C-19E8ACAB3B4E}.Debug|Any CPU.ActiveCfg = Debug|Any CPU
		{BF65E262-ABA1-40A7-A94C-19E8ACAB3B4E}.Debug|Any CPU.Build.0 = Debug|Any CPU
		{BF65E262-ABA1-40A7-A94C-19E8ACAB3B4E}.Release|Any CPU.ActiveCfg = Release|Any CPU
		{BF65E262-ABA1-40A7-A94C-19E8ACAB3B4E}.Release|Any CPU.Build.0 = Release|Any CPU
		{D1386564-380F-46A8-9B93-07A3F9875438}.Debug|Any CPU.ActiveCfg = Debug|Any CPU
		{D1386564-380F-46A8-9B93-07A3F9875438}.Debug|Any CPU.Build.0 = Debug|Any CPU
		{D1386564-380F-46A8-9B93-07A3F9875438}.Release|Any CPU.ActiveCfg = Release|Any CPU
		{D1386564-380F-46A8-9B93-07A3F9875438}.Release|Any CPU.Build.0 = Release|Any CPU
		{5A5DD85D-9887-4905-95CD-5D7A42713C0D}.Debug|Any CPU.ActiveCfg = Debug|Any CPU
		{5A5DD85D-9887-4905-95CD-5D7A42713C0D}.Debug|Any CPU.Build.0 = Debug|Any CPU
		{5A5DD85D-9887-4905-95CD-5D7A42713C0D}.Release|Any CPU.ActiveCfg = Release|Any CPU
		{5A5DD85D-9887-4905-95CD-5D7A42713C0D}.Release|Any CPU.Build.0 = Release|Any CPU
		{2A1E9B07-1B36-4C33-8660-143A624813AB}.Debug|Any CPU.ActiveCfg = Debug|Any CPU
		{2A1E9B07-1B36-4C33-8660-143A624813AB}.Debug|Any CPU.Build.0 = Debug|Any CPU
		{2A1E9B07-1B36-4C33-8660-143A624813AB}.Release|Any CPU.ActiveCfg = Release|Any CPU
		{2A1E9B07-1B36-4C33-8660-143A624813AB}.Release|Any CPU.Build.0 = Release|Any CPU
		{BCA182A9-C93A-4CD6-AA75-1F1C12E3F92A}.Debug|Any CPU.ActiveCfg = Debug|Any CPU
		{BCA182A9-C93A-4CD6-AA75-1F1C12E3F92A}.Debug|Any CPU.Build.0 = Debug|Any CPU
		{BCA182A9-C93A-4CD6-AA75-1F1C12E3F92A}.Release|Any CPU.ActiveCfg = Release|Any CPU
		{BCA182A9-C93A-4CD6-AA75-1F1C12E3F92A}.Release|Any CPU.Build.0 = Release|Any CPU
		{F13CBEE5-414D-46C1-B0E8-215729DDDA50}.Debug|Any CPU.ActiveCfg = Debug|Any CPU
		{F13CBEE5-414D-46C1-B0E8-215729DDDA50}.Debug|Any CPU.Build.0 = Debug|Any CPU
		{F13CBEE5-414D-46C1-B0E8-215729DDDA50}.Release|Any CPU.ActiveCfg = Release|Any CPU
		{F13CBEE5-414D-46C1-B0E8-215729DDDA50}.Release|Any CPU.Build.0 = Release|Any CPU
		{2B5646A0-7607-4C5E-8E01-AB0E6CD49954}.Debug|Any CPU.ActiveCfg = Debug|Any CPU
		{2B5646A0-7607-4C5E-8E01-AB0E6CD49954}.Debug|Any CPU.Build.0 = Debug|Any CPU
		{2B5646A0-7607-4C5E-8E01-AB0E6CD49954}.Release|Any CPU.ActiveCfg = Release|Any CPU
		{2B5646A0-7607-4C5E-8E01-AB0E6CD49954}.Release|Any CPU.Build.0 = Release|Any CPU
	EndGlobalSection
	GlobalSection(SolutionProperties) = preSolution
		HideSolutionNode = FALSE
	EndGlobalSection
	GlobalSection(ExtensibilityGlobals) = postSolution
		SolutionGuid = {234A197A-FEB3-44F4-9F11-303E5EE72F61}
	EndGlobalSection
EndGlobal
