
Microsoft Visual Studio Solution File, Format Version 12.00
# Visual Studio Version 17
VisualStudioVersion = 17.2.32616.157
MinimumVisualStudioVersion = 10.0.40219.1
Project("{FAE04EC0-301F-11D3-BF4B-00C04F79EFBC}") = "Zadacha01", "Zadacha01\Zadacha01.csproj", "{B58E313B-7E48-425F-ADFD-5BD2CAD9A9E2}"
EndProject
Project("{FAE04EC0-301F-11D3-BF4B-00C04F79EFBC}") = "Zadacha02", "Zadacha02\Zadacha02.csproj", "{4F5D10A9-76C0-4161-96C9-7CB399D7858E}"
EndProject
Project("{FAE04EC0-301F-11D3-BF4B-00C04F79EFBC}") = "Zadacha03", "Zadacha03\Zadacha03.csproj", "{6ACB6ACD-1700-440F-9FAD-662B00397EA7}"
EndProject
Global
	GlobalSection(SolutionConfigurationPlatforms) = preSolution
		Debug|Any CPU = Debug|Any CPU
		Release|Any CPU = Release|Any CPU
	EndGlobalSection
	GlobalSection(ProjectConfigurationPlatforms) = postSolution
		{B58E313B-7E48-425F-ADFD-5BD2CAD9A9E2}.Debug|Any CPU.ActiveCfg = Debug|Any CPU
		{B58E313B-7E48-425F-ADFD-5BD2CAD9A9E2}.Debug|Any CPU.Build.0 = Debug|Any CPU
		{B58E313B-7E48-425F-ADFD-5BD2CAD9A9E2}.Release|Any CPU.ActiveCfg = Release|Any CPU
		{B58E313B-7E48-425F-ADFD-5BD2CAD9A9E2}.Release|Any CPU.Build.0 = Release|Any CPU
		{4F5D10A9-76C0-4161-96C9-7CB399D7858E}.Debug|Any CPU.ActiveCfg = Debug|Any CPU
		{4F5D10A9-76C0-4161-96C9-7CB399D7858E}.Debug|Any CPU.Build.0 = Debug|Any CPU
		{4F5D10A9-76C0-4161-96C9-7CB399D7858E}.Release|Any CPU.ActiveCfg = Release|Any CPU
		{4F5D10A9-76C0-4161-96C9-7CB399D7858E}.Release|Any CPU.Build.0 = Release|Any CPU
		{6ACB6ACD-1700-440F-9FAD-662B00397EA7}.Debug|Any CPU.ActiveCfg = Debug|Any CPU
		{6ACB6ACD-1700-440F-9FAD-662B00397EA7}.Debug|Any CPU.Build.0 = Debug|Any CPU
		{6ACB6ACD-1700-440F-9FAD-662B00397EA7}.Release|Any CPU.ActiveCfg = Release|Any CPU
		{6ACB6ACD-1700-440F-9FAD-662B00397EA7}.Release|Any CPU.Build.0 = Release|Any CPU
	EndGlobalSection
	GlobalSection(SolutionProperties) = preSolution
		HideSolutionNode = FALSE
	EndGlobalSection
	GlobalSection(ExtensibilityGlobals) = postSolution
		SolutionGuid = {473596BE-3810-4A07-A7F3-E8B7D2BC7ABA}
	EndGlobalSection
EndGlobal
