
Microsoft Visual Studio Solution File, Format Version 12.00
# Visual Studio Version 17
VisualStudioVersion = 17.5.33530.505
MinimumVisualStudioVersion = 10.0.40219.1
Project("{FAE04EC0-301F-11D3-BF4B-00C04F79EFBC}") = "Bar", "Bar\Bar.csproj", "{079680BE-E35A-46FD-9E9B-6C162B72E0A8}"
EndProject
Global
	GlobalSection(SolutionConfigurationPlatforms) = preSolution
		Debug|Any CPU = Debug|Any CPU
		Release|Any CPU = Release|Any CPU
	EndGlobalSection
	GlobalSection(ProjectConfigurationPlatforms) = postSolution
		{079680BE-E35A-46FD-9E9B-6C162B72E0A8}.Debug|Any CPU.ActiveCfg = Debug|Any CPU
		{079680BE-E35A-46FD-9E9B-6C162B72E0A8}.Debug|Any CPU.Build.0 = Debug|Any CPU
		{079680BE-E35A-46FD-9E9B-6C162B72E0A8}.Release|Any CPU.ActiveCfg = Release|Any CPU
		{079680BE-E35A-46FD-9E9B-6C162B72E0A8}.Release|Any CPU.Build.0 = Release|Any CPU
	EndGlobalSection
	GlobalSection(SolutionProperties) = preSolution
		HideSolutionNode = FALSE
	EndGlobalSection
	GlobalSection(ExtensibilityGlobals) = postSolution
		SolutionGuid = {550620D0-9795-4425-BF3C-4FCC3159A89B}
	EndGlobalSection
EndGlobal
