
Microsoft Visual Studio Solution File, Format Version 12.00
# Visual Studio Version 17
VisualStudioVersion = 17.2.32616.157
MinimumVisualStudioVersion = 10.0.40219.1
Project("{FAE04EC0-301F-11D3-BF4B-00C04F79EFBC}") = "LoopByStep3", "LoopByStep3\LoopByStep3.csproj", "{0F5A5F63-EC22-454A-8289-9043028336E1}"
EndProject
Project("{FAE04EC0-301F-11D3-BF4B-00C04F79EFBC}") = "NumbersFromNto1", "NumbersFromNto1\NumbersFromNto1.csproj", "{C77F0EB8-AFB2-461F-97EB-6237741A3955}"
EndProject
Project("{FAE04EC0-301F-11D3-BF4B-00C04F79EFBC}") = "NumbersPowerOf2", "NumbersPowerOf2\NumbersPowerOf2.csproj", "{1A36D591-1A16-42B1-A9ED-F26974BE4D50}"
EndProject
Project("{FAE04EC0-301F-11D3-BF4B-00C04F79EFBC}") = "EvenPowerOf2", "EvenPowerOf2\EvenPowerOf2.csproj", "{5CD9444C-CB21-4869-8F1B-5BF96DBE439A}"
EndProject
Project("{FAE04EC0-301F-11D3-BF4B-00C04F79EFBC}") = "OrderOf2kPlus1", "OrderOf2kPlus1\OrderOf2kPlus1.csproj", "{A78F60A1-B941-4A59-A31E-ED2671DBBB9F}"
EndProject
Project("{FAE04EC0-301F-11D3-BF4B-00C04F79EFBC}") = "TheLCD", "TheLCD\TheLCD.csproj", "{DCB90BCC-819C-4C48-A6C2-467C22B30234}"
EndProject
Project("{FAE04EC0-301F-11D3-BF4B-00C04F79EFBC}") = "NumberInRange1_100", "NumberInRange1_100\NumberInRange1_100.csproj", "{62FABB6E-49C6-4526-BA57-D59FD0B1CD87}"
EndProject
Project("{FAE04EC0-301F-11D3-BF4B-00C04F79EFBC}") = "Factoriel", "Factoriel\Factoriel.csproj", "{B2257CE6-3FF4-4A35-B5EB-3DBE90E44961}"
EndProject
Project("{FAE04EC0-301F-11D3-BF4B-00C04F79EFBC}") = "SumDigitsOfNumber", "SumDigitsOfNumber\SumDigitsOfNumber.csproj", "{AB0A6FCB-A32A-4294-8737-E713DEA898D1}"
EndProject
Project("{FAE04EC0-301F-11D3-BF4B-00C04F79EFBC}") = "PrimeNumber", "PrimeNumber\PrimeNumber.csproj", "{C52E42EE-446C-4B2E-A7F7-5359369C7B50}"
EndProject
Global
	GlobalSection(SolutionConfigurationPlatforms) = preSolution
		Debug|Any CPU = Debug|Any CPU
		Release|Any CPU = Release|Any CPU
	EndGlobalSection
	GlobalSection(ProjectConfigurationPlatforms) = postSolution
		{0F5A5F63-EC22-454A-8289-9043028336E1}.Debug|Any CPU.ActiveCfg = Debug|Any CPU
		{0F5A5F63-EC22-454A-8289-9043028336E1}.Debug|Any CPU.Build.0 = Debug|Any CPU
		{0F5A5F63-EC22-454A-8289-9043028336E1}.Release|Any CPU.ActiveCfg = Release|Any CPU
		{0F5A5F63-EC22-454A-8289-9043028336E1}.Release|Any CPU.Build.0 = Release|Any CPU
		{C77F0EB8-AFB2-461F-97EB-6237741A3955}.Debug|Any CPU.ActiveCfg = Debug|Any CPU
		{C77F0EB8-AFB2-461F-97EB-6237741A3955}.Debug|Any CPU.Build.0 = Debug|Any CPU
		{C77F0EB8-AFB2-461F-97EB-6237741A3955}.Release|Any CPU.ActiveCfg = Release|Any CPU
		{C77F0EB8-AFB2-461F-97EB-6237741A3955}.Release|Any CPU.Build.0 = Release|Any CPU
		{1A36D591-1A16-42B1-A9ED-F26974BE4D50}.Debug|Any CPU.ActiveCfg = Debug|Any CPU
		{1A36D591-1A16-42B1-A9ED-F26974BE4D50}.Debug|Any CPU.Build.0 = Debug|Any CPU
		{1A36D591-1A16-42B1-A9ED-F26974BE4D50}.Release|Any CPU.ActiveCfg = Release|Any CPU
		{1A36D591-1A16-42B1-A9ED-F26974BE4D50}.Release|Any CPU.Build.0 = Release|Any CPU
		{5CD9444C-CB21-4869-8F1B-5BF96DBE439A}.Debug|Any CPU.ActiveCfg = Debug|Any CPU
		{5CD9444C-CB21-4869-8F1B-5BF96DBE439A}.Debug|Any CPU.Build.0 = Debug|Any CPU
		{5CD9444C-CB21-4869-8F1B-5BF96DBE439A}.Release|Any CPU.ActiveCfg = Release|Any CPU
		{5CD9444C-CB21-4869-8F1B-5BF96DBE439A}.Release|Any CPU.Build.0 = Release|Any CPU
		{A78F60A1-B941-4A59-A31E-ED2671DBBB9F}.Debug|Any CPU.ActiveCfg = Debug|Any CPU
		{A78F60A1-B941-4A59-A31E-ED2671DBBB9F}.Debug|Any CPU.Build.0 = Debug|Any CPU
		{A78F60A1-B941-4A59-A31E-ED2671DBBB9F}.Release|Any CPU.ActiveCfg = Release|Any CPU
		{A78F60A1-B941-4A59-A31E-ED2671DBBB9F}.Release|Any CPU.Build.0 = Release|Any CPU
		{DCB90BCC-819C-4C48-A6C2-467C22B30234}.Debug|Any CPU.ActiveCfg = Debug|Any CPU
		{DCB90BCC-819C-4C48-A6C2-467C22B30234}.Debug|Any CPU.Build.0 = Debug|Any CPU
		{DCB90BCC-819C-4C48-A6C2-467C22B30234}.Release|Any CPU.ActiveCfg = Release|Any CPU
		{DCB90BCC-819C-4C48-A6C2-467C22B30234}.Release|Any CPU.Build.0 = Release|Any CPU
		{62FABB6E-49C6-4526-BA57-D59FD0B1CD87}.Debug|Any CPU.ActiveCfg = Debug|Any CPU
		{62FABB6E-49C6-4526-BA57-D59FD0B1CD87}.Debug|Any CPU.Build.0 = Debug|Any CPU
		{62FABB6E-49C6-4526-BA57-D59FD0B1CD87}.Release|Any CPU.ActiveCfg = Release|Any CPU
		{62FABB6E-49C6-4526-BA57-D59FD0B1CD87}.Release|Any CPU.Build.0 = Release|Any CPU
		{B2257CE6-3FF4-4A35-B5EB-3DBE90E44961}.Debug|Any CPU.ActiveCfg = Debug|Any CPU
		{B2257CE6-3FF4-4A35-B5EB-3DBE90E44961}.Debug|Any CPU.Build.0 = Debug|Any CPU
		{B2257CE6-3FF4-4A35-B5EB-3DBE90E44961}.Release|Any CPU.ActiveCfg = Release|Any CPU
		{B2257CE6-3FF4-4A35-B5EB-3DBE90E44961}.Release|Any CPU.Build.0 = Release|Any CPU
		{AB0A6FCB-A32A-4294-8737-E713DEA898D1}.Debug|Any CPU.ActiveCfg = Debug|Any CPU
		{AB0A6FCB-A32A-4294-8737-E713DEA898D1}.Debug|Any CPU.Build.0 = Debug|Any CPU
		{AB0A6FCB-A32A-4294-8737-E713DEA898D1}.Release|Any CPU.ActiveCfg = Release|Any CPU
		{AB0A6FCB-A32A-4294-8737-E713DEA898D1}.Release|Any CPU.Build.0 = Release|Any CPU
		{C52E42EE-446C-4B2E-A7F7-5359369C7B50}.Debug|Any CPU.ActiveCfg = Debug|Any CPU
		{C52E42EE-446C-4B2E-A7F7-5359369C7B50}.Debug|Any CPU.Build.0 = Debug|Any CPU
		{C52E42EE-446C-4B2E-A7F7-5359369C7B50}.Release|Any CPU.ActiveCfg = Release|Any CPU
		{C52E42EE-446C-4B2E-A7F7-5359369C7B50}.Release|Any CPU.Build.0 = Release|Any CPU
	EndGlobalSection
	GlobalSection(SolutionProperties) = preSolution
		HideSolutionNode = FALSE
	EndGlobalSection
	GlobalSection(ExtensibilityGlobals) = postSolution
		SolutionGuid = {E1D6FCA5-29EC-49DF-AC0F-D9F6F0DFFDA6}
	EndGlobalSection
EndGlobal
