
Microsoft Visual Studio Solution File, Format Version 12.00
# Visual Studio Version 17
VisualStudioVersion = 17.2.32616.157
MinimumVisualStudioVersion = 10.0.40219.1
Project("{FAE04EC0-301F-11D3-BF4B-00C04F79EFBC}") = "Zadacha01", "Zadacha01\Zadacha01.csproj", "{760A9731-9E0D-433F-8A65-82995B53708C}"
EndProject
Project("{FAE04EC0-301F-11D3-BF4B-00C04F79EFBC}") = "Zadacha02", "Zadacha02\Zadacha02.csproj", "{BC108F76-A862-4D91-881E-CF255644536B}"
EndProject
Project("{FAE04EC0-301F-11D3-BF4B-00C04F79EFBC}") = "Zadacha03", "Zadacha03\Zadacha03.csproj", "{40771FD6-C1AB-4E4F-B2E3-393A1E8A5AA4}"
EndProject
Project("{FAE04EC0-301F-11D3-BF4B-00C04F79EFBC}") = "Zadacha04", "Zadacha04\Zadacha04.csproj", "{17980790-5CDF-4038-942B-3FF8F4F55CDC}"
EndProject
Global
	GlobalSection(SolutionConfigurationPlatforms) = preSolution
		Debug|Any CPU = Debug|Any CPU
		Release|Any CPU = Release|Any CPU
	EndGlobalSection
	GlobalSection(ProjectConfigurationPlatforms) = postSolution
		{760A9731-9E0D-433F-8A65-82995B53708C}.Debug|Any CPU.ActiveCfg = Debug|Any CPU
		{760A9731-9E0D-433F-8A65-82995B53708C}.Debug|Any CPU.Build.0 = Debug|Any CPU
		{760A9731-9E0D-433F-8A65-82995B53708C}.Release|Any CPU.ActiveCfg = Release|Any CPU
		{760A9731-9E0D-433F-8A65-82995B53708C}.Release|Any CPU.Build.0 = Release|Any CPU
		{BC108F76-A862-4D91-881E-CF255644536B}.Debug|Any CPU.ActiveCfg = Debug|Any CPU
		{BC108F76-A862-4D91-881E-CF255644536B}.Debug|Any CPU.Build.0 = Debug|Any CPU
		{BC108F76-A862-4D91-881E-CF255644536B}.Release|Any CPU.ActiveCfg = Release|Any CPU
		{BC108F76-A862-4D91-881E-CF255644536B}.Release|Any CPU.Build.0 = Release|Any CPU
		{40771FD6-C1AB-4E4F-B2E3-393A1E8A5AA4}.Debug|Any CPU.ActiveCfg = Debug|Any CPU
		{40771FD6-C1AB-4E4F-B2E3-393A1E8A5AA4}.Debug|Any CPU.Build.0 = Debug|Any CPU
		{40771FD6-C1AB-4E4F-B2E3-393A1E8A5AA4}.Release|Any CPU.ActiveCfg = Release|Any CPU
		{40771FD6-C1AB-4E4F-B2E3-393A1E8A5AA4}.Release|Any CPU.Build.0 = Release|Any CPU
		{17980790-5CDF-4038-942B-3FF8F4F55CDC}.Debug|Any CPU.ActiveCfg = Debug|Any CPU
		{17980790-5CDF-4038-942B-3FF8F4F55CDC}.Debug|Any CPU.Build.0 = Debug|Any CPU
		{17980790-5CDF-4038-942B-3FF8F4F55CDC}.Release|Any CPU.ActiveCfg = Release|Any CPU
		{17980790-5CDF-4038-942B-3FF8F4F55CDC}.Release|Any CPU.Build.0 = Release|Any CPU
	EndGlobalSection
	GlobalSection(SolutionProperties) = preSolution
		HideSolutionNode = FALSE
	EndGlobalSection
	GlobalSection(ExtensibilityGlobals) = postSolution
		SolutionGuid = {E5081871-0DCD-460A-A629-2F23D3F37864}
	EndGlobalSection
EndGlobal
